
Microsoft Visual Studio Solution File, Format Version 12.00
# Visual Studio Version 16
VisualStudioVersion = 16.0.29009.5
MinimumVisualStudioVersion = 10.0.40219.1
Project("{FAE04EC0-301F-11D3-BF4B-00C04F79EFBC}") = "PastebinLike.WebApp", "PastebinLike.WebApp\PastebinLike.WebApp.csproj", "{69FEF67C-B48A-4B85-85F7-DCFA7FA2CDD3}"
EndProject
Project("{FAE04EC0-301F-11D3-BF4B-00C04F79EFBC}") = "PastebinLike.Infrastructure", "PastebinLike.Infrastructure\PastebinLike.Infrastructure.csproj", "{11373387-DC08-4A62-A0D7-401D1FEB5053}"
EndProject
Project("{FAE04EC0-301F-11D3-BF4B-00C04F79EFBC}") = "PastebinLike.Core", "PastebinLike.Core\PastebinLike.Core.csproj", "{C18307FF-4D99-4547-8484-19CF95048B81}"
EndProject
Project("{FAE04EC0-301F-11D3-BF4B-00C04F79EFBC}") = "PastebinLike.Functions", "PastebinLike.Functions\PastebinLike.Functions.csproj", "{F6E40012-6513-4926-9B05-8E21A499FB4C}"
EndProject
Global
	GlobalSection(SolutionConfigurationPlatforms) = preSolution
		Debug|Any CPU = Debug|Any CPU
		Release|Any CPU = Release|Any CPU
	EndGlobalSection
	GlobalSection(ProjectConfigurationPlatforms) = postSolution
		{69FEF67C-B48A-4B85-85F7-DCFA7FA2CDD3}.Debug|Any CPU.ActiveCfg = Debug|Any CPU
		{69FEF67C-B48A-4B85-85F7-DCFA7FA2CDD3}.Debug|Any CPU.Build.0 = Debug|Any CPU
		{69FEF67C-B48A-4B85-85F7-DCFA7FA2CDD3}.Release|Any CPU.ActiveCfg = Release|Any CPU
		{69FEF67C-B48A-4B85-85F7-DCFA7FA2CDD3}.Release|Any CPU.Build.0 = Release|Any CPU
		{11373387-DC08-4A62-A0D7-401D1FEB5053}.Debug|Any CPU.ActiveCfg = Debug|Any CPU
		{11373387-DC08-4A62-A0D7-401D1FEB5053}.Debug|Any CPU.Build.0 = Debug|Any CPU
		{11373387-DC08-4A62-A0D7-401D1FEB5053}.Release|Any CPU.ActiveCfg = Release|Any CPU
		{11373387-DC08-4A62-A0D7-401D1FEB5053}.Release|Any CPU.Build.0 = Release|Any CPU
		{C18307FF-4D99-4547-8484-19CF95048B81}.Debug|Any CPU.ActiveCfg = Debug|Any CPU
		{C18307FF-4D99-4547-8484-19CF95048B81}.Debug|Any CPU.Build.0 = Debug|Any CPU
		{C18307FF-4D99-4547-8484-19CF95048B81}.Release|Any CPU.ActiveCfg = Release|Any CPU
		{C18307FF-4D99-4547-8484-19CF95048B81}.Release|Any CPU.Build.0 = Release|Any CPU
		{F6E40012-6513-4926-9B05-8E21A499FB4C}.Debug|Any CPU.ActiveCfg = Debug|Any CPU
		{F6E40012-6513-4926-9B05-8E21A499FB4C}.Debug|Any CPU.Build.0 = Debug|Any CPU
		{F6E40012-6513-4926-9B05-8E21A499FB4C}.Release|Any CPU.ActiveCfg = Release|Any CPU
		{F6E40012-6513-4926-9B05-8E21A499FB4C}.Release|Any CPU.Build.0 = Release|Any CPU
	EndGlobalSection
	GlobalSection(SolutionProperties) = preSolution
		HideSolutionNode = FALSE
	EndGlobalSection
	GlobalSection(ExtensibilityGlobals) = postSolution
		SolutionGuid = {AB56568A-FA7D-4042-9294-7621FE76CC03}
	EndGlobalSection
EndGlobal
